
Microsoft Visual Studio Solution File, Format Version 12.00
# Visual Studio 15
VisualStudioVersion = 15.0.28010.2046
MinimumVisualStudioVersion = 10.0.40219.1
Project("{FAE04EC0-301F-11D3-BF4B-00C04F79EFBC}") = "VVuelos", "VVuelos\VVuelos.csproj", "{DD23B071-E7FB-4DE2-86AA-F3051FC94E7D}"
EndProject
Global
	GlobalSection(SolutionConfigurationPlatforms) = preSolution
		Debug|Any CPU = Debug|Any CPU
		Release|Any CPU = Release|Any CPU
	EndGlobalSection
	GlobalSection(ProjectConfigurationPlatforms) = postSolution
		{DD23B071-E7FB-4DE2-86AA-F3051FC94E7D}.Debug|Any CPU.ActiveCfg = Debug|Any CPU
		{DD23B071-E7FB-4DE2-86AA-F3051FC94E7D}.Debug|Any CPU.Build.0 = Debug|Any CPU
		{DD23B071-E7FB-4DE2-86AA-F3051FC94E7D}.Release|Any CPU.ActiveCfg = Release|Any CPU
		{DD23B071-E7FB-4DE2-86AA-F3051FC94E7D}.Release|Any CPU.Build.0 = Release|Any CPU
	EndGlobalSection
	GlobalSection(SolutionProperties) = preSolution
		HideSolutionNode = FALSE
	EndGlobalSection
	GlobalSection(ExtensibilityGlobals) = postSolution
		SolutionGuid = {6EF87A6E-03B1-4547-984E-0B9195127BE6}
	EndGlobalSection
EndGlobal
